
Microsoft Visual Studio Solution File, Format Version 12.00
# Visual Studio Version 17
VisualStudioVersion = 17.10.34707.107
MinimumVisualStudioVersion = 10.0.40219.1
Project("{FAE04EC0-301F-11D3-BF4B-00C04F79EFBC}") = "AzureTimeTrigger", "AzureTimeTrigger\AzureTimeTrigger.csproj", "{07C099C1-CA63-4520-BD46-145D928C7594}"
EndProject
Project("{FAE04EC0-301F-11D3-BF4B-00C04F79EFBC}") = "TimeTriggerAzure", "..\TimeTriggerAzure\TimeTriggerAzure\TimeTriggerAzure.csproj", "{12DAB17E-570F-451F-9232-9EC9A14B1F99}"
EndProject
Global
	GlobalSection(SolutionConfigurationPlatforms) = preSolution
		Debug|Any CPU = Debug|Any CPU
		Release|Any CPU = Release|Any CPU
	EndGlobalSection
	GlobalSection(ProjectConfigurationPlatforms) = postSolution
		{07C099C1-CA63-4520-BD46-145D928C7594}.Debug|Any CPU.ActiveCfg = Debug|Any CPU
		{07C099C1-CA63-4520-BD46-145D928C7594}.Debug|Any CPU.Build.0 = Debug|Any CPU
		{07C099C1-CA63-4520-BD46-145D928C7594}.Release|Any CPU.ActiveCfg = Release|Any CPU
		{07C099C1-CA63-4520-BD46-145D928C7594}.Release|Any CPU.Build.0 = Release|Any CPU
		{12DAB17E-570F-451F-9232-9EC9A14B1F99}.Debug|Any CPU.ActiveCfg = Debug|Any CPU
		{12DAB17E-570F-451F-9232-9EC9A14B1F99}.Debug|Any CPU.Build.0 = Debug|Any CPU
		{12DAB17E-570F-451F-9232-9EC9A14B1F99}.Release|Any CPU.ActiveCfg = Release|Any CPU
		{12DAB17E-570F-451F-9232-9EC9A14B1F99}.Release|Any CPU.Build.0 = Release|Any CPU
	EndGlobalSection
	GlobalSection(SolutionProperties) = preSolution
		HideSolutionNode = FALSE
	EndGlobalSection
	GlobalSection(ExtensibilityGlobals) = postSolution
		SolutionGuid = {A612F1A9-C2A9-4806-B44B-2989C67259BF}
	EndGlobalSection
EndGlobal
